
Microsoft Visual Studio Solution File, Format Version 12.00
# Visual Studio Version 17
VisualStudioVersion = 17.9.34728.123
MinimumVisualStudioVersion = 10.0.40219.1
Project("{FAE04EC0-301F-11D3-BF4B-00C04F79EFBC}") = "AdminDashboard", "AdminDashboard\AdminDashboard.csproj", "{0BA7E422-324F-44EF-9390-6DE5F7A36E1D}"
EndProject
Global
	GlobalSection(SolutionConfigurationPlatforms) = preSolution
		Debug|Any CPU = Debug|Any CPU
		Release|Any CPU = Release|Any CPU
	EndGlobalSection
	GlobalSection(ProjectConfigurationPlatforms) = postSolution
		{0BA7E422-324F-44EF-9390-6DE5F7A36E1D}.Debug|Any CPU.ActiveCfg = Debug|Any CPU
		{0BA7E422-324F-44EF-9390-6DE5F7A36E1D}.Debug|Any CPU.Build.0 = Debug|Any CPU
		{0BA7E422-324F-44EF-9390-6DE5F7A36E1D}.Release|Any CPU.ActiveCfg = Release|Any CPU
		{0BA7E422-324F-44EF-9390-6DE5F7A36E1D}.Release|Any CPU.Build.0 = Release|Any CPU
	EndGlobalSection
	GlobalSection(SolutionProperties) = preSolution
		HideSolutionNode = FALSE
	EndGlobalSection
	GlobalSection(ExtensibilityGlobals) = postSolution
		SolutionGuid = {9084E33D-3C29-47E9-B01F-4D756B18E92F}
	EndGlobalSection
EndGlobal
